
Microsoft Visual Studio Solution File, Format Version 12.00
# Visual Studio Version 16
VisualStudioVersion = 16.0.30907.101
MinimumVisualStudioVersion = 10.0.40219.1
Project("{9A19103F-16F7-4668-BE54-9A1E7A4F7556}") = "FunctionalProgramming", "FunctionalProgramming.csproj", "{F80ADAEF-E90E-4FAF-9E26-C9FE992BC88A}"
EndProject
Project("{FAE04EC0-301F-11D3-BF4B-00C04F79EFBC}") = "FunctionalPyramid", "..\FunctionalPyramid\FunctionalPyramid.csproj", "{0F116898-02B7-47BC-A6BF-F773BDFDC677}"
EndProject
Global
	GlobalSection(SolutionConfigurationPlatforms) = preSolution
		Debug|Any CPU = Debug|Any CPU
		Release|Any CPU = Release|Any CPU
	EndGlobalSection
	GlobalSection(ProjectConfigurationPlatforms) = postSolution
		{F80ADAEF-E90E-4FAF-9E26-C9FE992BC88A}.Debug|Any CPU.ActiveCfg = Debug|Any CPU
		{F80ADAEF-E90E-4FAF-9E26-C9FE992BC88A}.Debug|Any CPU.Build.0 = Debug|Any CPU
		{F80ADAEF-E90E-4FAF-9E26-C9FE992BC88A}.Release|Any CPU.ActiveCfg = Release|Any CPU
		{F80ADAEF-E90E-4FAF-9E26-C9FE992BC88A}.Release|Any CPU.Build.0 = Release|Any CPU
		{0F116898-02B7-47BC-A6BF-F773BDFDC677}.Debug|Any CPU.ActiveCfg = Debug|Any CPU
		{0F116898-02B7-47BC-A6BF-F773BDFDC677}.Debug|Any CPU.Build.0 = Debug|Any CPU
		{0F116898-02B7-47BC-A6BF-F773BDFDC677}.Release|Any CPU.ActiveCfg = Release|Any CPU
		{0F116898-02B7-47BC-A6BF-F773BDFDC677}.Release|Any CPU.Build.0 = Release|Any CPU
	EndGlobalSection
	GlobalSection(SolutionProperties) = preSolution
		HideSolutionNode = FALSE
	EndGlobalSection
	GlobalSection(ExtensibilityGlobals) = postSolution
		SolutionGuid = {C4477687-80D8-4277-8BD7-828A5FBF4C50}
	EndGlobalSection
EndGlobal
