
Microsoft Visual Studio Solution File, Format Version 12.00
# Visual Studio Version 16
VisualStudioVersion = 16.0.30621.155
MinimumVisualStudioVersion = 10.0.40219.1
Project("{FAE04EC0-301F-11D3-BF4B-00C04F79EFBC}") = "HangMan", "HangMan\HangMan.csproj", "{67F084F1-38BE-413B-B4D3-54C749EA92A9}"
EndProject
Project("{FAE04EC0-301F-11D3-BF4B-00C04F79EFBC}") = "HangManTest", "HangManTest\HangManTest.csproj", "{68A2D9D0-CD21-4E51-AFC0-640A2052151F}"
EndProject
Global
	GlobalSection(SolutionConfigurationPlatforms) = preSolution
		Debug|Any CPU = Debug|Any CPU
		Release|Any CPU = Release|Any CPU
	EndGlobalSection
	GlobalSection(ProjectConfigurationPlatforms) = postSolution
		{67F084F1-38BE-413B-B4D3-54C749EA92A9}.Debug|Any CPU.ActiveCfg = Debug|Any CPU
		{67F084F1-38BE-413B-B4D3-54C749EA92A9}.Debug|Any CPU.Build.0 = Debug|Any CPU
		{67F084F1-38BE-413B-B4D3-54C749EA92A9}.Release|Any CPU.ActiveCfg = Release|Any CPU
		{67F084F1-38BE-413B-B4D3-54C749EA92A9}.Release|Any CPU.Build.0 = Release|Any CPU
		{68A2D9D0-CD21-4E51-AFC0-640A2052151F}.Debug|Any CPU.ActiveCfg = Debug|Any CPU
		{68A2D9D0-CD21-4E51-AFC0-640A2052151F}.Debug|Any CPU.Build.0 = Debug|Any CPU
		{68A2D9D0-CD21-4E51-AFC0-640A2052151F}.Release|Any CPU.ActiveCfg = Release|Any CPU
		{68A2D9D0-CD21-4E51-AFC0-640A2052151F}.Release|Any CPU.Build.0 = Release|Any CPU
	EndGlobalSection
	GlobalSection(SolutionProperties) = preSolution
		HideSolutionNode = FALSE
	EndGlobalSection
	GlobalSection(ExtensibilityGlobals) = postSolution
		SolutionGuid = {0526C408-DC75-4E37-B757-344D559BD756}
	EndGlobalSection
EndGlobal
